
Microsoft Visual Studio Solution File, Format Version 12.00
# Visual Studio Version 16
VisualStudioVersion = 16.0.29215.179
MinimumVisualStudioVersion = 10.0.40219.1
Project("{2150E333-8FDC-42A3-9474-1A3956D46DE8}") = "Samples", "Samples", "{672EFF80-2A12-4BE6-A665-0F71C136EEF2}"
EndProject
Project("{FAE04EC0-301F-11D3-BF4B-00C04F79EFBC}") = "Sample.NetFramework", "Sample.NetFramework\Sample.NetFramework.csproj", "{46361DC1-C587-4D96-95E3-669B3E228AB8}"
EndProject
Project("{9A19103F-16F7-4668-BE54-9A1E7A4F7556}") = "OwinRequestScopeContext", "OwinRequestScopeContext\OwinRequestScopeContext.csproj", "{8D3859AC-EBCF-4346-B437-C099B4D2B03F}"
EndProject
Project("{9A19103F-16F7-4668-BE54-9A1E7A4F7556}") = "OwinRequestScopeContext.Tests", "OwinRequestScopeContext.Tests\OwinRequestScopeContext.Tests.csproj", "{7A18A2FC-9DD8-473D-A19D-8B689DDD3BE0}"
EndProject
Project("{FAE04EC0-301F-11D3-BF4B-00C04F79EFBC}") = "Sample.NetCore", "Sample.NetCore\Sample.NetCore.csproj", "{762A3B88-C60A-4375-92A5-E2B02A964284}"
EndProject
Global
	GlobalSection(SolutionConfigurationPlatforms) = preSolution
		Debug|Any CPU = Debug|Any CPU
		Release|Any CPU = Release|Any CPU
	EndGlobalSection
	GlobalSection(ProjectConfigurationPlatforms) = postSolution
		{46361DC1-C587-4D96-95E3-669B3E228AB8}.Debug|Any CPU.ActiveCfg = Debug|Any CPU
		{46361DC1-C587-4D96-95E3-669B3E228AB8}.Debug|Any CPU.Build.0 = Debug|Any CPU
		{46361DC1-C587-4D96-95E3-669B3E228AB8}.Release|Any CPU.ActiveCfg = Release|Any CPU
		{46361DC1-C587-4D96-95E3-669B3E228AB8}.Release|Any CPU.Build.0 = Release|Any CPU
		{8D3859AC-EBCF-4346-B437-C099B4D2B03F}.Debug|Any CPU.ActiveCfg = Debug|Any CPU
		{8D3859AC-EBCF-4346-B437-C099B4D2B03F}.Debug|Any CPU.Build.0 = Debug|Any CPU
		{8D3859AC-EBCF-4346-B437-C099B4D2B03F}.Release|Any CPU.ActiveCfg = Release|Any CPU
		{8D3859AC-EBCF-4346-B437-C099B4D2B03F}.Release|Any CPU.Build.0 = Release|Any CPU
		{7A18A2FC-9DD8-473D-A19D-8B689DDD3BE0}.Debug|Any CPU.ActiveCfg = Debug|Any CPU
		{7A18A2FC-9DD8-473D-A19D-8B689DDD3BE0}.Debug|Any CPU.Build.0 = Debug|Any CPU
		{7A18A2FC-9DD8-473D-A19D-8B689DDD3BE0}.Release|Any CPU.ActiveCfg = Release|Any CPU
		{7A18A2FC-9DD8-473D-A19D-8B689DDD3BE0}.Release|Any CPU.Build.0 = Release|Any CPU
		{762A3B88-C60A-4375-92A5-E2B02A964284}.Debug|Any CPU.ActiveCfg = Debug|Any CPU
		{762A3B88-C60A-4375-92A5-E2B02A964284}.Debug|Any CPU.Build.0 = Debug|Any CPU
		{762A3B88-C60A-4375-92A5-E2B02A964284}.Release|Any CPU.ActiveCfg = Release|Any CPU
		{762A3B88-C60A-4375-92A5-E2B02A964284}.Release|Any CPU.Build.0 = Release|Any CPU
	EndGlobalSection
	GlobalSection(SolutionProperties) = preSolution
		HideSolutionNode = FALSE
	EndGlobalSection
	GlobalSection(NestedProjects) = preSolution
		{46361DC1-C587-4D96-95E3-669B3E228AB8} = {672EFF80-2A12-4BE6-A665-0F71C136EEF2}
		{762A3B88-C60A-4375-92A5-E2B02A964284} = {672EFF80-2A12-4BE6-A665-0F71C136EEF2}
	EndGlobalSection
	GlobalSection(ExtensibilityGlobals) = postSolution
		SolutionGuid = {8513FA25-FAA4-4A3B-8C2D-F47B21311E43}
	EndGlobalSection
EndGlobal
